
Microsoft Visual Studio Solution File, Format Version 12.00
# Visual Studio Version 16
VisualStudioVersion = 16.0.31321.278
MinimumVisualStudioVersion = 10.0.40219.1
Project("{9A19103F-16F7-4668-BE54-9A1E7A4F7556}") = "Rocky", "Rocky.csproj", "{D8BEAC44-22F5-4F0A-B2D0-4C4C131C61E3}"
EndProject
Global
	GlobalSection(SolutionConfigurationPlatforms) = preSolution
		Debug|Any CPU = Debug|Any CPU
		Release|Any CPU = Release|Any CPU
	EndGlobalSection
	GlobalSection(ProjectConfigurationPlatforms) = postSolution
		{D8BEAC44-22F5-4F0A-B2D0-4C4C131C61E3}.Debug|Any CPU.ActiveCfg = Debug|Any CPU
		{D8BEAC44-22F5-4F0A-B2D0-4C4C131C61E3}.Debug|Any CPU.Build.0 = Debug|Any CPU
		{D8BEAC44-22F5-4F0A-B2D0-4C4C131C61E3}.Release|Any CPU.ActiveCfg = Release|Any CPU
		{D8BEAC44-22F5-4F0A-B2D0-4C4C131C61E3}.Release|Any CPU.Build.0 = Release|Any CPU
	EndGlobalSection
	GlobalSection(SolutionProperties) = preSolution
		HideSolutionNode = FALSE
	EndGlobalSection
	GlobalSection(ExtensibilityGlobals) = postSolution
		SolutionGuid = {1C67A035-16DB-493B-9809-4187E95240B4}
	EndGlobalSection
EndGlobal
